// !$*UTF8*$!
{
	archiveVersion = 1;
	classes = {
	};
	objectVersion = 55;
	objects = {

/* Begin PBXBuildFile section */
		CFEFC30F27CB70DC0097F7CE /* LuegenApp.swift in Sources */ = {isa = PBXBuildFile; fileRef = CFEFC30E27CB70DC0097F7CE /* LuegenApp.swift */; };
		CFEFC31127CB70DC0097F7CE /* ContentViewTemplate.swift in Sources */ = {isa = PBXBuildFile; fileRef = CFEFC31027CB70DC0097F7CE /* ContentViewTemplate.swift */; };
		CFEFC31327CB70DD0097F7CE /* Assets.xcassets in Resources */ = {isa = PBXBuildFile; fileRef = CFEFC31227CB70DD0097F7CE /* Assets.xcassets */; };
		CFEFC31627CB70DD0097F7CE /* Preview Assets.xcassets in Resources */ = {isa = PBXBuildFile; fileRef = CFEFC31527CB70DD0097F7CE /* Preview Assets.xcassets */; };
		CFEFC32027CB70DD0097F7CE /* LuegenTests.swift in Sources */ = {isa = PBXBuildFile; fileRef = CFEFC31F27CB70DD0097F7CE /* LuegenTests.swift */; };
		CFEFC32A27CB70DE0097F7CE /* LuegenUITests.swift in Sources */ = {isa = PBXBuildFile; fileRef = CFEFC32927CB70DE0097F7CE /* LuegenUITests.swift */; };
		CFEFC32C27CB70DE0097F7CE /* LuegenUITestsLaunchTests.swift in Sources */ = {isa = PBXBuildFile; fileRef = CFEFC32B27CB70DE0097F7CE /* LuegenUITestsLaunchTests.swift */; };
		CFEFC36327CB710B0097F7CE /* Card.swift in Sources */ = {isa = PBXBuildFile; fileRef = CFEFC33A27CB710B0097F7CE /* Card.swift */; };
		CFEFC36427CB710B0097F7CE /* CardType.swift in Sources */ = {isa = PBXBuildFile; fileRef = CFEFC33B27CB710B0097F7CE /* CardType.swift */; };
		CFEFC36527CB710B0097F7CE /* CardColor.swift in Sources */ = {isa = PBXBuildFile; fileRef = CFEFC33C27CB710B0097F7CE /* CardColor.swift */; };
		CFEFC36627CB710B0097F7CE /* CardDeck.swift in Sources */ = {isa = PBXBuildFile; fileRef = CFEFC33D27CB710B0097F7CE /* CardDeck.swift */; };
		CFEFC36727CB710B0097F7CE /* RandomComputer.swift in Sources */ = {isa = PBXBuildFile; fileRef = CFEFC33F27CB710B0097F7CE /* RandomComputer.swift */; };
		CFEFC36827CB710B0097F7CE /* CardHolder.swift in Sources */ = {isa = PBXBuildFile; fileRef = CFEFC34027CB710B0097F7CE /* CardHolder.swift */; };
		CFEFC36927CB710B0097F7CE /* DemoComputer2.swift in Sources */ = {isa = PBXBuildFile; fileRef = CFEFC34127CB710B0097F7CE /* DemoComputer2.swift */; };
		CFEFC36A27CB710B0097F7CE /* AbstractComputer.swift in Sources */ = {isa = PBXBuildFile; fileRef = CFEFC34227CB710B0097F7CE /* AbstractComputer.swift */; };
		CFEFC36B27CB710B0097F7CE /* DemoComputer1.swift in Sources */ = {isa = PBXBuildFile; fileRef = CFEFC34327CB710B0097F7CE /* DemoComputer1.swift */; };
		CFEFC36C27CB710B0097F7CE /* User.swift in Sources */ = {isa = PBXBuildFile; fileRef = CFEFC34427CB710B0097F7CE /* User.swift */; };
		CFEFC36D27CB710B0097F7CE /* SimpleComputer.swift in Sources */ = {isa = PBXBuildFile; fileRef = CFEFC34527CB710B0097F7CE /* SimpleComputer.swift */; };
		CFEFC36E27CB710B0097F7CE /* PlayerFactory.swift in Sources */ = {isa = PBXBuildFile; fileRef = CFEFC34627CB710B0097F7CE /* PlayerFactory.swift */; };
		CFEFC36F27CB710B0097F7CE /* NonEventUser.swift in Sources */ = {isa = PBXBuildFile; fileRef = CFEFC34727CB710B0097F7CE /* NonEventUser.swift */; };
		CFEFC37027CB710B0097F7CE /* YourTurnProtocol.swift in Sources */ = {isa = PBXBuildFile; fileRef = CFEFC34827CB710B0097F7CE /* YourTurnProtocol.swift */; };
		CFEFC37127CB710B0097F7CE /* GameDataClass.swift in Sources */ = {isa = PBXBuildFile; fileRef = CFEFC34A27CB710B0097F7CE /* GameDataClass.swift */; };
		CFEFC37227CB710B0097F7CE /* GameDataStruct.swift in Sources */ = {isa = PBXBuildFile; fileRef = CFEFC34B27CB710B0097F7CE /* GameDataStruct.swift */; };
		CFEFC37327CB710B0097F7CE /* GameSettings.swift in Sources */ = {isa = PBXBuildFile; fileRef = CFEFC34C27CB710B0097F7CE /* GameSettings.swift */; };
		CFEFC37427CB710B0097F7CE /* TestServiceDelegateProtocol.swift in Sources */ = {isa = PBXBuildFile; fileRef = CFEFC34F27CB710B0097F7CE /* TestServiceDelegateProtocol.swift */; };
		CFEFC37527CB710B0097F7CE /* TestService.swift in Sources */ = {isa = PBXBuildFile; fileRef = CFEFC35027CB710B0097F7CE /* TestService.swift */; };
		CFEFC37627CB710B0097F7CE /* MPCManager.swift in Sources */ = {isa = PBXBuildFile; fileRef = CFEFC35227CB710B0097F7CE /* MPCManager.swift */; };
		CFEFC37727CB710B0097F7CE /* Message.swift in Sources */ = {isa = PBXBuildFile; fileRef = CFEFC35327CB710B0097F7CE /* Message.swift */; };
		CFEFC37827CB710B0097F7CE /* Device.swift in Sources */ = {isa = PBXBuildFile; fileRef = CFEFC35427CB710B0097F7CE /* Device.swift */; };
		CFEFC37927CB710B0097F7CE /* MPCHandler.swift in Sources */ = {isa = PBXBuildFile; fileRef = CFEFC35527CB710B0097F7CE /* MPCHandler.swift */; };
		CFEFC37A27CB710B0097F7CE /* DemoGameMaster.swift in Sources */ = {isa = PBXBuildFile; fileRef = CFEFC35727CB710B0097F7CE /* DemoGameMaster.swift */; };
		CFEFC37B27CB710B0097F7CE /* AbstractGamemaster.swift in Sources */ = {isa = PBXBuildFile; fileRef = CFEFC35827CB710B0097F7CE /* AbstractGamemaster.swift */; };
		CFEFC37C27CB710B0097F7CE /* MoveLieHandler.swift in Sources */ = {isa = PBXBuildFile; fileRef = CFEFC35927CB710B0097F7CE /* MoveLieHandler.swift */; };
		CFEFC37D27CB710B0097F7CE /* GameMaster.swift in Sources */ = {isa = PBXBuildFile; fileRef = CFEFC35A27CB710B0097F7CE /* GameMaster.swift */; };
		CFEFC37E27CB710B0097F7CE /* YourTurnEvent.swift in Sources */ = {isa = PBXBuildFile; fileRef = CFEFC35C27CB710B0097F7CE /* YourTurnEvent.swift */; };
		CFEFC37F27CB710B0097F7CE /* RWLock.swift in Sources */ = {isa = PBXBuildFile; fileRef = CFEFC35D27CB710B0097F7CE /* RWLock.swift */; };
		CFEFC38027CB710B0097F7CE /* EventHandlerFactory.swift in Sources */ = {isa = PBXBuildFile; fileRef = CFEFC35E27CB710B0097F7CE /* EventHandlerFactory.swift */; };
		CFEFC38127CB710B0097F7CE /* MoveLieEvent.swift in Sources */ = {isa = PBXBuildFile; fileRef = CFEFC35F27CB710B0097F7CE /* MoveLieEvent.swift */; };
		CFEFC38227CB710B0097F7CE /* Event.swift in Sources */ = {isa = PBXBuildFile; fileRef = CFEFC36027CB710B0097F7CE /* Event.swift */; };
		CFEFC38327CB710B0097F7CE /* NextPlayerEvent.swift in Sources */ = {isa = PBXBuildFile; fileRef = CFEFC36127CB710B0097F7CE /* NextPlayerEvent.swift */; };
		CFEFC38427CB710B0097F7CE /* Signal.swift in Sources */ = {isa = PBXBuildFile; fileRef = CFEFC36227CB710B0097F7CE /* Signal.swift */; };
		CFEFC39727CB71210097F7CE /* StartView.swift in Sources */ = {isa = PBXBuildFile; fileRef = CFEFC38627CB71210097F7CE /* StartView.swift */; };
		CFEFC39827CB71210097F7CE /* CardTypesView.swift in Sources */ = {isa = PBXBuildFile; fileRef = CFEFC38827CB71210097F7CE /* CardTypesView.swift */; };
		CFEFC39927CB71210097F7CE /* DropdownView.swift in Sources */ = {isa = PBXBuildFile; fileRef = CFEFC38927CB71210097F7CE /* DropdownView.swift */; };
		CFEFC39A27CB71210097F7CE /* DropdownViewData.swift in Sources */ = {isa = PBXBuildFile; fileRef = CFEFC38A27CB71210097F7CE /* DropdownViewData.swift */; };
		CFEFC39B27CB71210097F7CE /* PlayerRow.swift in Sources */ = {isa = PBXBuildFile; fileRef = CFEFC38B27CB71210097F7CE /* PlayerRow.swift */; };
		CFEFC39C27CB71210097F7CE /* CardTypesViewData.swift in Sources */ = {isa = PBXBuildFile; fileRef = CFEFC38C27CB71210097F7CE /* CardTypesViewData.swift */; };
		CFEFC39D27CB71210097F7CE /* CardsView.swift in Sources */ = {isa = PBXBuildFile; fileRef = CFEFC38D27CB71210097F7CE /* CardsView.swift */; };
		CFEFC39E27CB71210097F7CE /* ContentView.swift in Sources */ = {isa = PBXBuildFile; fileRef = CFEFC38E27CB71210097F7CE /* ContentView.swift */; };
		CFEFC39F27CB71210097F7CE /* StartMenu.swift in Sources */ = {isa = PBXBuildFile; fileRef = CFEFC38F27CB71210097F7CE /* StartMenu.swift */; };
		CFEFC3A027CB71210097F7CE /* Service.swift in Sources */ = {isa = PBXBuildFile; fileRef = CFEFC39127CB71210097F7CE /* Service.swift */; };
		CFEFC3A127CB71210097F7CE /* MultiplayerOverview.swift in Sources */ = {isa = PBXBuildFile; fileRef = CFEFC39227CB71210097F7CE /* MultiplayerOverview.swift */; };
		CFEFC3A227CB71210097F7CE /* GameView.swift in Sources */ = {isa = PBXBuildFile; fileRef = CFEFC39427CB71210097F7CE /* GameView.swift */; };
		CFEFC3A327CB71210097F7CE /* StepperView.swift in Sources */ = {isa = PBXBuildFile; fileRef = CFEFC39527CB71210097F7CE /* StepperView.swift */; };
		CFEFC3A427CB71210097F7CE /* PlayerTypeView.swift in Sources */ = {isa = PBXBuildFile; fileRef = CFEFC39627CB71210097F7CE /* PlayerTypeView.swift */; };
		CFEFC3A627CB765B0097F7CE /* GameFactory.swift in Sources */ = {isa = PBXBuildFile; fileRef = CFEFC3A527CB765B0097F7CE /* GameFactory.swift */; };
		CFEFC3A827CB7E860097F7CE /* MoveLieHandlerDelegate.swift in Sources */ = {isa = PBXBuildFile; fileRef = CFEFC3A727CB7E860097F7CE /* MoveLieHandlerDelegate.swift */; };
/* End PBXBuildFile section */

/* Begin PBXContainerItemProxy section */
		CFEFC31C27CB70DD0097F7CE /* PBXContainerItemProxy */ = {
			isa = PBXContainerItemProxy;
			containerPortal = CFEFC30327CB70DC0097F7CE /* Project object */;
			proxyType = 1;
			remoteGlobalIDString = CFEFC30A27CB70DC0097F7CE;
			remoteInfo = Luegen;
		};
		CFEFC32627CB70DE0097F7CE /* PBXContainerItemProxy */ = {
			isa = PBXContainerItemProxy;
			containerPortal = CFEFC30327CB70DC0097F7CE /* Project object */;
			proxyType = 1;
			remoteGlobalIDString = CFEFC30A27CB70DC0097F7CE;
			remoteInfo = Luegen;
		};
/* End PBXContainerItemProxy section */

/* Begin PBXFileReference section */
		CFEFC30B27CB70DC0097F7CE /* Luegen.app */ = {isa = PBXFileReference; explicitFileType = wrapper.application; includeInIndex = 0; path = Luegen.app; sourceTree = BUILT_PRODUCTS_DIR; };
		CFEFC30E27CB70DC0097F7CE /* LuegenApp.swift */ = {isa = PBXFileReference; lastKnownFileType = sourcecode.swift; path = LuegenApp.swift; sourceTree = "<group>"; };
		CFEFC31027CB70DC0097F7CE /* ContentViewTemplate.swift */ = {isa = PBXFileReference; lastKnownFileType = sourcecode.swift; path = ContentViewTemplate.swift; sourceTree = "<group>"; };
		CFEFC31227CB70DD0097F7CE /* Assets.xcassets */ = {isa = PBXFileReference; lastKnownFileType = folder.assetcatalog; path = Assets.xcassets; sourceTree = "<group>"; };
		CFEFC31527CB70DD0097F7CE /* Preview Assets.xcassets */ = {isa = PBXFileReference; lastKnownFileType = folder.assetcatalog; path = "Preview Assets.xcassets"; sourceTree = "<group>"; };
		CFEFC31B27CB70DD0097F7CE /* LuegenTests.xctest */ = {isa = PBXFileReference; explicitFileType = wrapper.cfbundle; includeInIndex = 0; path = LuegenTests.xctest; sourceTree = BUILT_PRODUCTS_DIR; };
		CFEFC31F27CB70DD0097F7CE /* LuegenTests.swift */ = {isa = PBXFileReference; lastKnownFileType = sourcecode.swift; path = LuegenTests.swift; sourceTree = "<group>"; };
		CFEFC32527CB70DE0097F7CE /* LuegenUITests.xctest */ = {isa = PBXFileReference; explicitFileType = wrapper.cfbundle; includeInIndex = 0; path = LuegenUITests.xctest; sourceTree = BUILT_PRODUCTS_DIR; };
		CFEFC32927CB70DE0097F7CE /* LuegenUITests.swift */ = {isa = PBXFileReference; lastKnownFileType = sourcecode.swift; path = LuegenUITests.swift; sourceTree = "<group>"; };
		CFEFC32B27CB70DE0097F7CE /* LuegenUITestsLaunchTests.swift */ = {isa = PBXFileReference; lastKnownFileType = sourcecode.swift; path = LuegenUITestsLaunchTests.swift; sourceTree = "<group>"; };
		CFEFC33A27CB710B0097F7CE /* Card.swift */ = {isa = PBXFileReference; fileEncoding = 4; lastKnownFileType = sourcecode.swift; path = Card.swift; sourceTree = "<group>"; };
		CFEFC33B27CB710B0097F7CE /* CardType.swift */ = {isa = PBXFileReference; fileEncoding = 4; lastKnownFileType = sourcecode.swift; path = CardType.swift; sourceTree = "<group>"; };
		CFEFC33C27CB710B0097F7CE /* CardColor.swift */ = {isa = PBXFileReference; fileEncoding = 4; lastKnownFileType = sourcecode.swift; path = CardColor.swift; sourceTree = "<group>"; };
		CFEFC33D27CB710B0097F7CE /* CardDeck.swift */ = {isa = PBXFileReference; fileEncoding = 4; lastKnownFileType = sourcecode.swift; path = CardDeck.swift; sourceTree = "<group>"; };
		CFEFC33F27CB710B0097F7CE /* RandomComputer.swift */ = {isa = PBXFileReference; fileEncoding = 4; lastKnownFileType = sourcecode.swift; path = RandomComputer.swift; sourceTree = "<group>"; };
		CFEFC34027CB710B0097F7CE /* CardHolder.swift */ = {isa = PBXFileReference; fileEncoding = 4; lastKnownFileType = sourcecode.swift; path = CardHolder.swift; sourceTree = "<group>"; };
		CFEFC34127CB710B0097F7CE /* DemoComputer2.swift */ = {isa = PBXFileReference; fileEncoding = 4; lastKnownFileType = sourcecode.swift; path = DemoComputer2.swift; sourceTree = "<group>"; };
		CFEFC34227CB710B0097F7CE /* AbstractComputer.swift */ = {isa = PBXFileReference; fileEncoding = 4; lastKnownFileType = sourcecode.swift; path = AbstractComputer.swift; sourceTree = "<group>"; };
		CFEFC34327CB710B0097F7CE /* DemoComputer1.swift */ = {isa = PBXFileReference; fileEncoding = 4; lastKnownFileType = sourcecode.swift; path = DemoComputer1.swift; sourceTree = "<group>"; };
		CFEFC34427CB710B0097F7CE /* User.swift */ = {isa = PBXFileReference; fileEncoding = 4; lastKnownFileType = sourcecode.swift; path = User.swift; sourceTree = "<group>"; };
		CFEFC34527CB710B0097F7CE /* SimpleComputer.swift */ = {isa = PBXFileReference; fileEncoding = 4; lastKnownFileType = sourcecode.swift; path = SimpleComputer.swift; sourceTree = "<group>"; };
		CFEFC34627CB710B0097F7CE /* PlayerFactory.swift */ = {isa = PBXFileReference; fileEncoding = 4; lastKnownFileType = sourcecode.swift; path = PlayerFactory.swift; sourceTree = "<group>"; };
		CFEFC34727CB710B0097F7CE /* NonEventUser.swift */ = {isa = PBXFileReference; fileEncoding = 4; lastKnownFileType = sourcecode.swift; path = NonEventUser.swift; sourceTree = "<group>"; };
		CFEFC34827CB710B0097F7CE /* YourTurnProtocol.swift */ = {isa = PBXFileReference; fileEncoding = 4; lastKnownFileType = sourcecode.swift; path = YourTurnProtocol.swift; sourceTree = "<group>"; };
		CFEFC34A27CB710B0097F7CE /* GameDataClass.swift */ = {isa = PBXFileReference; fileEncoding = 4; lastKnownFileType = sourcecode.swift; path = GameDataClass.swift; sourceTree = "<group>"; };
		CFEFC34B27CB710B0097F7CE /* GameDataStruct.swift */ = {isa = PBXFileReference; fileEncoding = 4; lastKnownFileType = sourcecode.swift; path = GameDataStruct.swift; sourceTree = "<group>"; };
		CFEFC34C27CB710B0097F7CE /* GameSettings.swift */ = {isa = PBXFileReference; fileEncoding = 4; lastKnownFileType = sourcecode.swift; path = GameSettings.swift; sourceTree = "<group>"; };
		CFEFC34F27CB710B0097F7CE /* TestServiceDelegateProtocol.swift */ = {isa = PBXFileReference; fileEncoding = 4; lastKnownFileType = sourcecode.swift; path = TestServiceDelegateProtocol.swift; sourceTree = "<group>"; };
		CFEFC35027CB710B0097F7CE /* TestService.swift */ = {isa = PBXFileReference; fileEncoding = 4; lastKnownFileType = sourcecode.swift; path = TestService.swift; sourceTree = "<group>"; };
		CFEFC35227CB710B0097F7CE /* MPCManager.swift */ = {isa = PBXFileReference; fileEncoding = 4; lastKnownFileType = sourcecode.swift; path = MPCManager.swift; sourceTree = "<group>"; };
		CFEFC35327CB710B0097F7CE /* Message.swift */ = {isa = PBXFileReference; fileEncoding = 4; lastKnownFileType = sourcecode.swift; path = Message.swift; sourceTree = "<group>"; };
		CFEFC35427CB710B0097F7CE /* Device.swift */ = {isa = PBXFileReference; fileEncoding = 4; lastKnownFileType = sourcecode.swift; path = Device.swift; sourceTree = "<group>"; };
		CFEFC35527CB710B0097F7CE /* MPCHandler.swift */ = {isa = PBXFileReference; fileEncoding = 4; lastKnownFileType = sourcecode.swift; path = MPCHandler.swift; sourceTree = "<group>"; };
		CFEFC35727CB710B0097F7CE /* DemoGameMaster.swift */ = {isa = PBXFileReference; fileEncoding = 4; lastKnownFileType = sourcecode.swift; path = DemoGameMaster.swift; sourceTree = "<group>"; };
		CFEFC35827CB710B0097F7CE /* AbstractGamemaster.swift */ = {isa = PBXFileReference; fileEncoding = 4; lastKnownFileType = sourcecode.swift; path = AbstractGamemaster.swift; sourceTree = "<group>"; };
		CFEFC35927CB710B0097F7CE /* MoveLieHandler.swift */ = {isa = PBXFileReference; fileEncoding = 4; lastKnownFileType = sourcecode.swift; path = MoveLieHandler.swift; sourceTree = "<group>"; };
		CFEFC35A27CB710B0097F7CE /* GameMaster.swift */ = {isa = PBXFileReference; fileEncoding = 4; lastKnownFileType = sourcecode.swift; path = GameMaster.swift; sourceTree = "<group>"; };
		CFEFC35C27CB710B0097F7CE /* YourTurnEvent.swift */ = {isa = PBXFileReference; fileEncoding = 4; lastKnownFileType = sourcecode.swift; path = YourTurnEvent.swift; sourceTree = "<group>"; };
		CFEFC35D27CB710B0097F7CE /* RWLock.swift */ = {isa = PBXFileReference; fileEncoding = 4; lastKnownFileType = sourcecode.swift; path = RWLock.swift; sourceTree = "<group>"; };
		CFEFC35E27CB710B0097F7CE /* EventHandlerFactory.swift */ = {isa = PBXFileReference; fileEncoding = 4; lastKnownFileType = sourcecode.swift; path = EventHandlerFactory.swift; sourceTree = "<group>"; };
		CFEFC35F27CB710B0097F7CE /* MoveLieEvent.swift */ = {isa = PBXFileReference; fileEncoding = 4; lastKnownFileType = sourcecode.swift; path = MoveLieEvent.swift; sourceTree = "<group>"; };
		CFEFC36027CB710B0097F7CE /* Event.swift */ = {isa = PBXFileReference; fileEncoding = 4; lastKnownFileType = sourcecode.swift; path = Event.swift; sourceTree = "<group>"; };
		CFEFC36127CB710B0097F7CE /* NextPlayerEvent.swift */ = {isa = PBXFileReference; fileEncoding = 4; lastKnownFileType = sourcecode.swift; path = NextPlayerEvent.swift; sourceTree = "<group>"; };
		CFEFC36227CB710B0097F7CE /* Signal.swift */ = {isa = PBXFileReference; fileEncoding = 4; lastKnownFileType = sourcecode.swift; path = Signal.swift; sourceTree = "<group>"; };
		CFEFC38627CB71210097F7CE /* StartView.swift */ = {isa = PBXFileReference; fileEncoding = 4; lastKnownFileType = sourcecode.swift; path = StartView.swift; sourceTree = "<group>"; };
		CFEFC38827CB71210097F7CE /* CardTypesView.swift */ = {isa = PBXFileReference; fileEncoding = 4; lastKnownFileType = sourcecode.swift; path = CardTypesView.swift; sourceTree = "<group>"; };
		CFEFC38927CB71210097F7CE /* DropdownView.swift */ = {isa = PBXFileReference; fileEncoding = 4; lastKnownFileType = sourcecode.swift; path = DropdownView.swift; sourceTree = "<group>"; };
		CFEFC38A27CB71210097F7CE /* DropdownViewData.swift */ = {isa = PBXFileReference; fileEncoding = 4; lastKnownFileType = sourcecode.swift; path = DropdownViewData.swift; sourceTree = "<group>"; };
		CFEFC38B27CB71210097F7CE /* PlayerRow.swift */ = {isa = PBXFileReference; fileEncoding = 4; lastKnownFileType = sourcecode.swift; path = PlayerRow.swift; sourceTree = "<group>"; };
		CFEFC38C27CB71210097F7CE /* CardTypesViewData.swift */ = {isa = PBXFileReference; fileEncoding = 4; lastKnownFileType = sourcecode.swift; path = CardTypesViewData.swift; sourceTree = "<group>"; };
		CFEFC38D27CB71210097F7CE /* CardsView.swift */ = {isa = PBXFileReference; fileEncoding = 4; lastKnownFileType = sourcecode.swift; path = CardsView.swift; sourceTree = "<group>"; };
		CFEFC38E27CB71210097F7CE /* ContentView.swift */ = {isa = PBXFileReference; fileEncoding = 4; lastKnownFileType = sourcecode.swift; path = ContentView.swift; sourceTree = "<group>"; };
		CFEFC38F27CB71210097F7CE /* StartMenu.swift */ = {isa = PBXFileReference; fileEncoding = 4; lastKnownFileType = sourcecode.swift; path = StartMenu.swift; sourceTree = "<group>"; };
		CFEFC39127CB71210097F7CE /* Service.swift */ = {isa = PBXFileReference; fileEncoding = 4; lastKnownFileType = sourcecode.swift; path = Service.swift; sourceTree = "<group>"; };
		CFEFC39227CB71210097F7CE /* MultiplayerOverview.swift */ = {isa = PBXFileReference; fileEncoding = 4; lastKnownFileType = sourcecode.swift; path = MultiplayerOverview.swift; sourceTree = "<group>"; };
		CFEFC39427CB71210097F7CE /* GameView.swift */ = {isa = PBXFileReference; fileEncoding = 4; lastKnownFileType = sourcecode.swift; path = GameView.swift; sourceTree = "<group>"; };
		CFEFC39527CB71210097F7CE /* StepperView.swift */ = {isa = PBXFileReference; fileEncoding = 4; lastKnownFileType = sourcecode.swift; path = StepperView.swift; sourceTree = "<group>"; };
		CFEFC39627CB71210097F7CE /* PlayerTypeView.swift */ = {isa = PBXFileReference; fileEncoding = 4; lastKnownFileType = sourcecode.swift; path = PlayerTypeView.swift; sourceTree = "<group>"; };
		CFEFC3A527CB765B0097F7CE /* GameFactory.swift */ = {isa = PBXFileReference; lastKnownFileType = sourcecode.swift; path = GameFactory.swift; sourceTree = "<group>"; };
		CFEFC3A727CB7E860097F7CE /* MoveLieHandlerDelegate.swift */ = {isa = PBXFileReference; lastKnownFileType = sourcecode.swift; path = MoveLieHandlerDelegate.swift; sourceTree = "<group>"; };
/* End PBXFileReference section */

/* Begin PBXFrameworksBuildPhase section */
		CFEFC30827CB70DC0097F7CE /* Frameworks */ = {
			isa = PBXFrameworksBuildPhase;
			buildActionMask = 2147483647;
			files = (
			);
			runOnlyForDeploymentPostprocessing = 0;
		};
		CFEFC31827CB70DD0097F7CE /* Frameworks */ = {
			isa = PBXFrameworksBuildPhase;
			buildActionMask = 2147483647;
			files = (
			);
			runOnlyForDeploymentPostprocessing = 0;
		};
		CFEFC32227CB70DE0097F7CE /* Frameworks */ = {
			isa = PBXFrameworksBuildPhase;
			buildActionMask = 2147483647;
			files = (
			);
			runOnlyForDeploymentPostprocessing = 0;
		};
/* End PBXFrameworksBuildPhase section */

/* Begin PBXGroup section */
		CFEFC30227CB70DC0097F7CE = {
			isa = PBXGroup;
			children = (
				CFEFC30D27CB70DC0097F7CE /* Luegen */,
				CFEFC31E27CB70DD0097F7CE /* LuegenTests */,
				CFEFC32827CB70DE0097F7CE /* LuegenUITests */,
				CFEFC30C27CB70DC0097F7CE /* Products */,
			);
			sourceTree = "<group>";
		};
		CFEFC30C27CB70DC0097F7CE /* Products */ = {
			isa = PBXGroup;
			children = (
				CFEFC30B27CB70DC0097F7CE /* Luegen.app */,
				CFEFC31B27CB70DD0097F7CE /* LuegenTests.xctest */,
				CFEFC32527CB70DE0097F7CE /* LuegenUITests.xctest */,
			);
			name = Products;
			sourceTree = "<group>";
		};
		CFEFC30D27CB70DC0097F7CE /* Luegen */ = {
			isa = PBXGroup;
			children = (
				CFEFC38527CB71210097F7CE /* View */,
				CFEFC33827CB710B0097F7CE /* Logic */,
				CFEFC30E27CB70DC0097F7CE /* LuegenApp.swift */,
				CFEFC31027CB70DC0097F7CE /* ContentViewTemplate.swift */,
				CFEFC31227CB70DD0097F7CE /* Assets.xcassets */,
				CFEFC31427CB70DD0097F7CE /* Preview Content */,
			);
			path = Luegen;
			sourceTree = "<group>";
		};
		CFEFC31427CB70DD0097F7CE /* Preview Content */ = {
			isa = PBXGroup;
			children = (
				CFEFC31527CB70DD0097F7CE /* Preview Assets.xcassets */,
			);
			path = "Preview Content";
			sourceTree = "<group>";
		};
		CFEFC31E27CB70DD0097F7CE /* LuegenTests */ = {
			isa = PBXGroup;
			children = (
				CFEFC31F27CB70DD0097F7CE /* LuegenTests.swift */,
			);
			path = LuegenTests;
			sourceTree = "<group>";
		};
		CFEFC32827CB70DE0097F7CE /* LuegenUITests */ = {
			isa = PBXGroup;
			children = (
				CFEFC32927CB70DE0097F7CE /* LuegenUITests.swift */,
				CFEFC32B27CB70DE0097F7CE /* LuegenUITestsLaunchTests.swift */,
			);
			path = LuegenUITests;
			sourceTree = "<group>";
		};
		CFEFC33827CB710B0097F7CE /* Logic */ = {
			isa = PBXGroup;
			children = (
				CFEFC33927CB710B0097F7CE /* Cards */,
				CFEFC33E27CB710B0097F7CE /* User */,
				CFEFC34927CB710B0097F7CE /* Game */,
				CFEFC34D27CB710B0097F7CE /* MultiplayerLogic */,
				CFEFC35627CB710B0097F7CE /* GameMaster */,
				CFEFC35B27CB710B0097F7CE /* Event */,
			);
			path = Logic;
			sourceTree = "<group>";
		};
		CFEFC33927CB710B0097F7CE /* Cards */ = {
			isa = PBXGroup;
			children = (
				CFEFC33A27CB710B0097F7CE /* Card.swift */,
				CFEFC33B27CB710B0097F7CE /* CardType.swift */,
				CFEFC33C27CB710B0097F7CE /* CardColor.swift */,
				CFEFC33D27CB710B0097F7CE /* CardDeck.swift */,
			);
			path = Cards;
			sourceTree = "<group>";
		};
		CFEFC33E27CB710B0097F7CE /* User */ = {
			isa = PBXGroup;
			children = (
				CFEFC33F27CB710B0097F7CE /* RandomComputer.swift */,
				CFEFC34027CB710B0097F7CE /* CardHolder.swift */,
				CFEFC34127CB710B0097F7CE /* DemoComputer2.swift */,
				CFEFC34227CB710B0097F7CE /* AbstractComputer.swift */,
				CFEFC34327CB710B0097F7CE /* DemoComputer1.swift */,
				CFEFC34427CB710B0097F7CE /* User.swift */,
				CFEFC34527CB710B0097F7CE /* SimpleComputer.swift */,
				CFEFC34627CB710B0097F7CE /* PlayerFactory.swift */,
				CFEFC34727CB710B0097F7CE /* NonEventUser.swift */,
				CFEFC34827CB710B0097F7CE /* YourTurnProtocol.swift */,
			);
			path = User;
			sourceTree = "<group>";
		};
		CFEFC34927CB710B0097F7CE /* Game */ = {
			isa = PBXGroup;
			children = (
				CFEFC34A27CB710B0097F7CE /* GameDataClass.swift */,
				CFEFC34B27CB710B0097F7CE /* GameDataStruct.swift */,
				CFEFC34C27CB710B0097F7CE /* GameSettings.swift */,
				CFEFC3A527CB765B0097F7CE /* GameFactory.swift */,
			);
			path = Game;
			sourceTree = "<group>";
		};
		CFEFC34D27CB710B0097F7CE /* MultiplayerLogic */ = {
			isa = PBXGroup;
			children = (
				CFEFC34E27CB710B0097F7CE /* TestService */,
				CFEFC35127CB710B0097F7CE /* TestService2 */,
				CFEFC35527CB710B0097F7CE /* MPCHandler.swift */,
			);
			path = MultiplayerLogic;
			sourceTree = "<group>";
		};
		CFEFC34E27CB710B0097F7CE /* TestService */ = {
			isa = PBXGroup;
			children = (
				CFEFC34F27CB710B0097F7CE /* TestServiceDelegateProtocol.swift */,
				CFEFC35027CB710B0097F7CE /* TestService.swift */,
			);
			path = TestService;
			sourceTree = "<group>";
		};
		CFEFC35127CB710B0097F7CE /* TestService2 */ = {
			isa = PBXGroup;
			children = (
				CFEFC35227CB710B0097F7CE /* MPCManager.swift */,
				CFEFC35327CB710B0097F7CE /* Message.swift */,
				CFEFC35427CB710B0097F7CE /* Device.swift */,
			);
			path = TestService2;
			sourceTree = "<group>";
		};
		CFEFC35627CB710B0097F7CE /* GameMaster */ = {
			isa = PBXGroup;
			children = (
				CFEFC35727CB710B0097F7CE /* DemoGameMaster.swift */,
				CFEFC35827CB710B0097F7CE /* AbstractGamemaster.swift */,
				CFEFC35927CB710B0097F7CE /* MoveLieHandler.swift */,
				CFEFC35A27CB710B0097F7CE /* GameMaster.swift */,
				CFEFC3A727CB7E860097F7CE /* MoveLieHandlerDelegate.swift */,
			);
			path = GameMaster;
			sourceTree = "<group>";
		};
		CFEFC35B27CB710B0097F7CE /* Event */ = {
			isa = PBXGroup;
			children = (
				CFEFC35C27CB710B0097F7CE /* YourTurnEvent.swift */,
				CFEFC35D27CB710B0097F7CE /* RWLock.swift */,
				CFEFC35E27CB710B0097F7CE /* EventHandlerFactory.swift */,
				CFEFC35F27CB710B0097F7CE /* MoveLieEvent.swift */,
				CFEFC36027CB710B0097F7CE /* Event.swift */,
				CFEFC36127CB710B0097F7CE /* NextPlayerEvent.swift */,
				CFEFC36227CB710B0097F7CE /* Signal.swift */,
			);
			path = Event;
			sourceTree = "<group>";
		};
		CFEFC38527CB71210097F7CE /* View */ = {
			isa = PBXGroup;
			children = (
				CFEFC38627CB71210097F7CE /* StartView.swift */,
				CFEFC38F27CB71210097F7CE /* StartMenu.swift */,
				CFEFC38727CB71210097F7CE /* Gameplay */,
				CFEFC39027CB71210097F7CE /* Multiplayer */,
				CFEFC39327CB71210097F7CE /* Singleplayer */,
			);
			path = View;
			sourceTree = "<group>";
		};
		CFEFC38727CB71210097F7CE /* Gameplay */ = {
			isa = PBXGroup;
			children = (
				CFEFC38827CB71210097F7CE /* CardTypesView.swift */,
				CFEFC38927CB71210097F7CE /* DropdownView.swift */,
				CFEFC38A27CB71210097F7CE /* DropdownViewData.swift */,
				CFEFC38B27CB71210097F7CE /* PlayerRow.swift */,
				CFEFC38C27CB71210097F7CE /* CardTypesViewData.swift */,
				CFEFC38D27CB71210097F7CE /* CardsView.swift */,
				CFEFC38E27CB71210097F7CE /* ContentView.swift */,
			);
			path = Gameplay;
			sourceTree = "<group>";
		};
		CFEFC39027CB71210097F7CE /* Multiplayer */ = {
			isa = PBXGroup;
			children = (
				CFEFC39127CB71210097F7CE /* Service.swift */,
				CFEFC39227CB71210097F7CE /* MultiplayerOverview.swift */,
			);
			path = Multiplayer;
			sourceTree = "<group>";
		};
		CFEFC39327CB71210097F7CE /* Singleplayer */ = {
			isa = PBXGroup;
			children = (
				CFEFC39427CB71210097F7CE /* GameView.swift */,
				CFEFC39527CB71210097F7CE /* StepperView.swift */,
				CFEFC39627CB71210097F7CE /* PlayerTypeView.swift */,
			);
			path = Singleplayer;
			sourceTree = "<group>";
		};
/* End PBXGroup section */

/* Begin PBXNativeTarget section */
		CFEFC30A27CB70DC0097F7CE /* Luegen */ = {
			isa = PBXNativeTarget;
			buildConfigurationList = CFEFC32F27CB70DE0097F7CE /* Build configuration list for PBXNativeTarget "Luegen" */;
			buildPhases = (
				CFEFC30727CB70DC0097F7CE /* Sources */,
				CFEFC30827CB70DC0097F7CE /* Frameworks */,
				CFEFC30927CB70DC0097F7CE /* Resources */,
			);
			buildRules = (
			);
			dependencies = (
			);
			name = Luegen;
			productName = Luegen;
			productReference = CFEFC30B27CB70DC0097F7CE /* Luegen.app */;
			productType = "com.apple.product-type.application";
		};
		CFEFC31A27CB70DD0097F7CE /* LuegenTests */ = {
			isa = PBXNativeTarget;
			buildConfigurationList = CFEFC33227CB70DE0097F7CE /* Build configuration list for PBXNativeTarget "LuegenTests" */;
			buildPhases = (
				CFEFC31727CB70DD0097F7CE /* Sources */,
				CFEFC31827CB70DD0097F7CE /* Frameworks */,
				CFEFC31927CB70DD0097F7CE /* Resources */,
			);
			buildRules = (
			);
			dependencies = (
				CFEFC31D27CB70DD0097F7CE /* PBXTargetDependency */,
			);
			name = LuegenTests;
			productName = LuegenTests;
			productReference = CFEFC31B27CB70DD0097F7CE /* LuegenTests.xctest */;
			productType = "com.apple.product-type.bundle.unit-test";
		};
		CFEFC32427CB70DE0097F7CE /* LuegenUITests */ = {
			isa = PBXNativeTarget;
			buildConfigurationList = CFEFC33527CB70DE0097F7CE /* Build configuration list for PBXNativeTarget "LuegenUITests" */;
			buildPhases = (
				CFEFC32127CB70DE0097F7CE /* Sources */,
				CFEFC32227CB70DE0097F7CE /* Frameworks */,
				CFEFC32327CB70DE0097F7CE /* Resources */,
			);
			buildRules = (
			);
			dependencies = (
				CFEFC32727CB70DE0097F7CE /* PBXTargetDependency */,
			);
			name = LuegenUITests;
			productName = LuegenUITests;
			productReference = CFEFC32527CB70DE0097F7CE /* LuegenUITests.xctest */;
			productType = "com.apple.product-type.bundle.ui-testing";
		};
/* End PBXNativeTarget section */

/* Begin PBXProject section */
		CFEFC30327CB70DC0097F7CE /* Project object */ = {
			isa = PBXProject;
			attributes = {
				BuildIndependentTargetsInParallel = 1;
				LastSwiftUpdateCheck = 1320;
				LastUpgradeCheck = 1320;
				TargetAttributes = {
					CFEFC30A27CB70DC0097F7CE = {
						CreatedOnToolsVersion = 13.2.1;
					};
					CFEFC31A27CB70DD0097F7CE = {
						CreatedOnToolsVersion = 13.2.1;
						TestTargetID = CFEFC30A27CB70DC0097F7CE;
					};
					CFEFC32427CB70DE0097F7CE = {
						CreatedOnToolsVersion = 13.2.1;
						TestTargetID = CFEFC30A27CB70DC0097F7CE;
					};
				};
			};
			buildConfigurationList = CFEFC30627CB70DC0097F7CE /* Build configuration list for PBXProject "Luegen" */;
			compatibilityVersion = "Xcode 13.0";
			developmentRegion = en;
			hasScannedForEncodings = 0;
			knownRegions = (
				en,
				Base,
			);
			mainGroup = CFEFC30227CB70DC0097F7CE;
			productRefGroup = CFEFC30C27CB70DC0097F7CE /* Products */;
			projectDirPath = "";
			projectRoot = "";
			targets = (
				CFEFC30A27CB70DC0097F7CE /* Luegen */,
				CFEFC31A27CB70DD0097F7CE /* LuegenTests */,
				CFEFC32427CB70DE0097F7CE /* LuegenUITests */,
			);
		};
/* End PBXProject section */

/* Begin PBXResourcesBuildPhase section */
		CFEFC30927CB70DC0097F7CE /* Resources */ = {
			isa = PBXResourcesBuildPhase;
			buildActionMask = 2147483647;
			files = (
				CFEFC31627CB70DD0097F7CE /* Preview Assets.xcassets in Resources */,
				CFEFC31327CB70DD0097F7CE /* Assets.xcassets in Resources */,
			);
			runOnlyForDeploymentPostprocessing = 0;
		};
		CFEFC31927CB70DD0097F7CE /* Resources */ = {
			isa = PBXResourcesBuildPhase;
			buildActionMask = 2147483647;
			files = (
			);
			runOnlyForDeploymentPostprocessing = 0;
		};
		CFEFC32327CB70DE0097F7CE /* Resources */ = {
			isa = PBXResourcesBuildPhase;
			buildActionMask = 2147483647;
			files = (
			);
			runOnlyForDeploymentPostprocessing = 0;
		};
/* End PBXResourcesBuildPhase section */

/* Begin PBXSourcesBuildPhase section */
		CFEFC30727CB70DC0097F7CE /* Sources */ = {
			isa = PBXSourcesBuildPhase;
			buildActionMask = 2147483647;
			files = (
				CFEFC36627CB710B0097F7CE /* CardDeck.swift in Sources */,
				CFEFC3A427CB71210097F7CE /* PlayerTypeView.swift in Sources */,
				CFEFC3A027CB71210097F7CE /* Service.swift in Sources */,
				CFEFC37B27CB710B0097F7CE /* AbstractGamemaster.swift in Sources */,
				CFEFC37327CB710B0097F7CE /* GameSettings.swift in Sources */,
				CFEFC37427CB710B0097F7CE /* TestServiceDelegateProtocol.swift in Sources */,
				CFEFC36927CB710B0097F7CE /* DemoComputer2.swift in Sources */,
				CFEFC36B27CB710B0097F7CE /* DemoComputer1.swift in Sources */,
				CFEFC36A27CB710B0097F7CE /* AbstractComputer.swift in Sources */,
				CFEFC37D27CB710B0097F7CE /* GameMaster.swift in Sources */,
				CFEFC38327CB710B0097F7CE /* NextPlayerEvent.swift in Sources */,
				CFEFC38227CB710B0097F7CE /* Event.swift in Sources */,
				CFEFC3A327CB71210097F7CE /* StepperView.swift in Sources */,
				CFEFC37127CB710B0097F7CE /* GameDataClass.swift in Sources */,
				CFEFC39F27CB71210097F7CE /* StartMenu.swift in Sources */,
				CFEFC37927CB710B0097F7CE /* MPCHandler.swift in Sources */,
				CFEFC36527CB710B0097F7CE /* CardColor.swift in Sources */,
				CFEFC38427CB710B0097F7CE /* Signal.swift in Sources */,
				CFEFC39D27CB71210097F7CE /* CardsView.swift in Sources */,
				CFEFC31127CB70DC0097F7CE /* ContentViewTemplate.swift in Sources */,
				CFEFC38027CB710B0097F7CE /* EventHandlerFactory.swift in Sources */,
				CFEFC36D27CB710B0097F7CE /* SimpleComputer.swift in Sources */,
				CFEFC37227CB710B0097F7CE /* GameDataStruct.swift in Sources */,
				CFEFC39827CB71210097F7CE /* CardTypesView.swift in Sources */,
				CFEFC3A627CB765B0097F7CE /* GameFactory.swift in Sources */,
				CFEFC3A827CB7E860097F7CE /* MoveLieHandlerDelegate.swift in Sources */,
				CFEFC39A27CB71210097F7CE /* DropdownViewData.swift in Sources */,
				CFEFC37A27CB710B0097F7CE /* DemoGameMaster.swift in Sources */,
				CFEFC36E27CB710B0097F7CE /* PlayerFactory.swift in Sources */,
				CFEFC37627CB710B0097F7CE /* MPCManager.swift in Sources */,
				CFEFC36827CB710B0097F7CE /* CardHolder.swift in Sources */,
				CFEFC36427CB710B0097F7CE /* CardType.swift in Sources */,
				CFEFC37827CB710B0097F7CE /* Device.swift in Sources */,
				CFEFC37E27CB710B0097F7CE /* YourTurnEvent.swift in Sources */,
				CFEFC39B27CB71210097F7CE /* PlayerRow.swift in Sources */,
				CFEFC36C27CB710B0097F7CE /* User.swift in Sources */,
				CFEFC37027CB710B0097F7CE /* YourTurnProtocol.swift in Sources */,
				CFEFC37727CB710B0097F7CE /* Message.swift in Sources */,
				CFEFC37C27CB710B0097F7CE /* MoveLieHandler.swift in Sources */,
				CFEFC36327CB710B0097F7CE /* Card.swift in Sources */,
				CFEFC39E27CB71210097F7CE /* ContentView.swift in Sources */,
				CFEFC30F27CB70DC0097F7CE /* LuegenApp.swift in Sources */,
				CFEFC39C27CB71210097F7CE /* CardTypesViewData.swift in Sources */,
				CFEFC39927CB71210097F7CE /* DropdownView.swift in Sources */,
				CFEFC38127CB710B0097F7CE /* MoveLieEvent.swift in Sources */,
				CFEFC39727CB71210097F7CE /* StartView.swift in Sources */,
				CFEFC37527CB710B0097F7CE /* TestService.swift in Sources */,
				CFEFC36727CB710B0097F7CE /* RandomComputer.swift in Sources */,
				CFEFC3A127CB71210097F7CE /* MultiplayerOverview.swift in Sources */,
				CFEFC37F27CB710B0097F7CE /* RWLock.swift in Sources */,
				CFEFC3A227CB71210097F7CE /* GameView.swift in Sources */,
				CFEFC36F27CB710B0097F7CE /* NonEventUser.swift in Sources */,
			);
			runOnlyForDeploymentPostprocessing = 0;
		};
		CFEFC31727CB70DD0097F7CE /* Sources */ = {
			isa = PBXSourcesBuildPhase;
			buildActionMask = 2147483647;
			files = (
				CFEFC32027CB70DD0097F7CE /* LuegenTests.swift in Sources */,
			);
			runOnlyForDeploymentPostprocessing = 0;
		};
		CFEFC32127CB70DE0097F7CE /* Sources */ = {
			isa = PBXSourcesBuildPhase;
			buildActionMask = 2147483647;
			files = (
				CFEFC32C27CB70DE0097F7CE /* LuegenUITestsLaunchTests.swift in Sources */,
				CFEFC32A27CB70DE0097F7CE /* LuegenUITests.swift in Sources */,
			);
			runOnlyForDeploymentPostprocessing = 0;
		};
/* End PBXSourcesBuildPhase section */

/* Begin PBXTargetDependency section */
		CFEFC31D27CB70DD0097F7CE /* PBXTargetDependency */ = {
			isa = PBXTargetDependency;
			target = CFEFC30A27CB70DC0097F7CE /* Luegen */;
			targetProxy = CFEFC31C27CB70DD0097F7CE /* PBXContainerItemProxy */;
		};
		CFEFC32727CB70DE0097F7CE /* PBXTargetDependency */ = {
			isa = PBXTargetDependency;
			target = CFEFC30A27CB70DC0097F7CE /* Luegen */;
			targetProxy = CFEFC32627CB70DE0097F7CE /* PBXContainerItemProxy */;
		};
/* End PBXTargetDependency section */

/* Begin XCBuildConfiguration section */
		CFEFC32D27CB70DE0097F7CE /* Debug */ = {
			isa = XCBuildConfiguration;
			buildSettings = {
				ALWAYS_SEARCH_USER_PATHS = NO;
				CLANG_ANALYZER_NONNULL = YES;
				CLANG_ANALYZER_NUMBER_OBJECT_CONVERSION = YES_AGGRESSIVE;
				CLANG_CXX_LANGUAGE_STANDARD = "gnu++17";
				CLANG_CXX_LIBRARY = "libc++";
				CLANG_ENABLE_MODULES = YES;
				CLANG_ENABLE_OBJC_ARC = YES;
				CLANG_ENABLE_OBJC_WEAK = YES;
				CLANG_WARN_BLOCK_CAPTURE_AUTORELEASING = YES;
				CLANG_WARN_BOOL_CONVERSION = YES;
				CLANG_WARN_COMMA = YES;
				CLANG_WARN_CONSTANT_CONVERSION = YES;
				CLANG_WARN_DEPRECATED_OBJC_IMPLEMENTATIONS = YES;
				CLANG_WARN_DIRECT_OBJC_ISA_USAGE = YES_ERROR;
				CLANG_WARN_DOCUMENTATION_COMMENTS = YES;
				CLANG_WARN_EMPTY_BODY = YES;
				CLANG_WARN_ENUM_CONVERSION = YES;
				CLANG_WARN_INFINITE_RECURSION = YES;
				CLANG_WARN_INT_CONVERSION = YES;
				CLANG_WARN_NON_LITERAL_NULL_CONVERSION = YES;
				CLANG_WARN_OBJC_IMPLICIT_RETAIN_SELF = YES;
				CLANG_WARN_OBJC_LITERAL_CONVERSION = YES;
				CLANG_WARN_OBJC_ROOT_CLASS = YES_ERROR;
				CLANG_WARN_QUOTED_INCLUDE_IN_FRAMEWORK_HEADER = YES;
				CLANG_WARN_RANGE_LOOP_ANALYSIS = YES;
				CLANG_WARN_STRICT_PROTOTYPES = YES;
				CLANG_WARN_SUSPICIOUS_MOVE = YES;
				CLANG_WARN_UNGUARDED_AVAILABILITY = YES_AGGRESSIVE;
				CLANG_WARN_UNREACHABLE_CODE = YES;
				CLANG_WARN__DUPLICATE_METHOD_MATCH = YES;
				COPY_PHASE_STRIP = NO;
				DEBUG_INFORMATION_FORMAT = dwarf;
				ENABLE_STRICT_OBJC_MSGSEND = YES;
				ENABLE_TESTABILITY = YES;
				GCC_C_LANGUAGE_STANDARD = gnu11;
				GCC_DYNAMIC_NO_PIC = NO;
				GCC_NO_COMMON_BLOCKS = YES;
				GCC_OPTIMIZATION_LEVEL = 0;
				GCC_PREPROCESSOR_DEFINITIONS = (
					"DEBUG=1",
					"$(inherited)",
				);
				GCC_WARN_64_TO_32_BIT_CONVERSION = YES;
				GCC_WARN_ABOUT_RETURN_TYPE = YES_ERROR;
				GCC_WARN_UNDECLARED_SELECTOR = YES;
				GCC_WARN_UNINITIALIZED_AUTOS = YES_AGGRESSIVE;
				GCC_WARN_UNUSED_FUNCTION = YES;
				GCC_WARN_UNUSED_VARIABLE = YES;
				IPHONEOS_DEPLOYMENT_TARGET = 15.2;
				MTL_ENABLE_DEBUG_INFO = INCLUDE_SOURCE;
				MTL_FAST_MATH = YES;
				ONLY_ACTIVE_ARCH = YES;
				SDKROOT = iphoneos;
				SWIFT_ACTIVE_COMPILATION_CONDITIONS = DEBUG;
				SWIFT_OPTIMIZATION_LEVEL = "-Onone";
			};
			name = Debug;
		};
		CFEFC32E27CB70DE0097F7CE /* Release */ = {
			isa = XCBuildConfiguration;
			buildSettings = {
				ALWAYS_SEARCH_USER_PATHS = NO;
				CLANG_ANALYZER_NONNULL = YES;
				CLANG_ANALYZER_NUMBER_OBJECT_CONVERSION = YES_AGGRESSIVE;
				CLANG_CXX_LANGUAGE_STANDARD = "gnu++17";
				CLANG_CXX_LIBRARY = "libc++";
				CLANG_ENABLE_MODULES = YES;
				CLANG_ENABLE_OBJC_ARC = YES;
				CLANG_ENABLE_OBJC_WEAK = YES;
				CLANG_WARN_BLOCK_CAPTURE_AUTORELEASING = YES;
				CLANG_WARN_BOOL_CONVERSION = YES;
				CLANG_WARN_COMMA = YES;
				CLANG_WARN_CONSTANT_CONVERSION = YES;
				CLANG_WARN_DEPRECATED_OBJC_IMPLEMENTATIONS = YES;
				CLANG_WARN_DIRECT_OBJC_ISA_USAGE = YES_ERROR;
				CLANG_WARN_DOCUMENTATION_COMMENTS = YES;
				CLANG_WARN_EMPTY_BODY = YES;
				CLANG_WARN_ENUM_CONVERSION = YES;
				CLANG_WARN_INFINITE_RECURSION = YES;
				CLANG_WARN_INT_CONVERSION = YES;
				CLANG_WARN_NON_LITERAL_NULL_CONVERSION = YES;
				CLANG_WARN_OBJC_IMPLICIT_RETAIN_SELF = YES;
				CLANG_WARN_OBJC_LITERAL_CONVERSION = YES;
				CLANG_WARN_OBJC_ROOT_CLASS = YES_ERROR;
				CLANG_WARN_QUOTED_INCLUDE_IN_FRAMEWORK_HEADER = YES;
				CLANG_WARN_RANGE_LOOP_ANALYSIS = YES;
				CLANG_WARN_STRICT_PROTOTYPES = YES;
				CLANG_WARN_SUSPICIOUS_MOVE = YES;
				CLANG_WARN_UNGUARDED_AVAILABILITY = YES_AGGRESSIVE;
				CLANG_WARN_UNREACHABLE_CODE = YES;
				CLANG_WARN__DUPLICATE_METHOD_MATCH = YES;
				COPY_PHASE_STRIP = NO;
				DEBUG_INFORMATION_FORMAT = "dwarf-with-dsym";
				ENABLE_NS_ASSERTIONS = NO;
				ENABLE_STRICT_OBJC_MSGSEND = YES;
				GCC_C_LANGUAGE_STANDARD = gnu11;
				GCC_NO_COMMON_BLOCKS = YES;
				GCC_WARN_64_TO_32_BIT_CONVERSION = YES;
				GCC_WARN_ABOUT_RETURN_TYPE = YES_ERROR;
				GCC_WARN_UNDECLARED_SELECTOR = YES;
				GCC_WARN_UNINITIALIZED_AUTOS = YES_AGGRESSIVE;
				GCC_WARN_UNUSED_FUNCTION = YES;
				GCC_WARN_UNUSED_VARIABLE = YES;
				IPHONEOS_DEPLOYMENT_TARGET = 15.2;
				MTL_ENABLE_DEBUG_INFO = NO;
				MTL_FAST_MATH = YES;
				SDKROOT = iphoneos;
				SWIFT_COMPILATION_MODE = wholemodule;
				SWIFT_OPTIMIZATION_LEVEL = "-O";
				VALIDATE_PRODUCT = YES;
			};
			name = Release;
		};
		CFEFC33027CB70DE0097F7CE /* Debug */ = {
			isa = XCBuildConfiguration;
			buildSettings = {
				ASSETCATALOG_COMPILER_APPICON_NAME = AppIcon;
				ASSETCATALOG_COMPILER_GLOBAL_ACCENT_COLOR_NAME = AccentColor;
				CODE_SIGN_STYLE = Automatic;
				CURRENT_PROJECT_VERSION = 1;
				DEVELOPMENT_ASSET_PATHS = "\"Luegen/Preview Content\"";
				DEVELOPMENT_TEAM = B4HR8339XS;
				ENABLE_PREVIEWS = YES;
				GENERATE_INFOPLIST_FILE = YES;
				INFOPLIST_KEY_UIApplicationSceneManifest_Generation = YES;
				INFOPLIST_KEY_UIApplicationSupportsIndirectInputEvents = YES;
				INFOPLIST_KEY_UILaunchScreen_Generation = YES;
				INFOPLIST_KEY_UISupportedInterfaceOrientations_iPad = "UIInterfaceOrientationPortrait UIInterfaceOrientationPortraitUpsideDown UIInterfaceOrientationLandscapeLeft UIInterfaceOrientationLandscapeRight";
				INFOPLIST_KEY_UISupportedInterfaceOrientations_iPhone = "UIInterfaceOrientationPortrait UIInterfaceOrientationLandscapeLeft UIInterfaceOrientationLandscapeRight";
				LD_RUNPATH_SEARCH_PATHS = (
					"$(inherited)",
					"@executable_path/Frameworks",
				);
				MARKETING_VERSION = 1.0;
				PRODUCT_BUNDLE_IDENTIFIER = JanHummel.Luegen;
				PRODUCT_NAME = "$(TARGET_NAME)";
				SWIFT_EMIT_LOC_STRINGS = YES;
				SWIFT_VERSION = 5.0;
				TARGETED_DEVICE_FAMILY = "1,2";
			};
			name = Debug;
		};
		CFEFC33127CB70DE0097F7CE /* Release */ = {
			isa = XCBuildConfiguration;
			buildSettings = {
				ASSETCATALOG_COMPILER_APPICON_NAME = AppIcon;
				ASSETCATALOG_COMPILER_GLOBAL_ACCENT_COLOR_NAME = AccentColor;
				CODE_SIGN_STYLE = Automatic;
				CURRENT_PROJECT_VERSION = 1;
				DEVELOPMENT_ASSET_PATHS = "\"Luegen/Preview Content\"";
				DEVELOPMENT_TEAM = B4HR8339XS;
				ENABLE_PREVIEWS = YES;
				GENERATE_INFOPLIST_FILE = YES;
				INFOPLIST_KEY_UIApplicationSceneManifest_Generation = YES;
				INFOPLIST_KEY_UIApplicationSupportsIndirectInputEvents = YES;
				INFOPLIST_KEY_UILaunchScreen_Generation = YES;
				INFOPLIST_KEY_UISupportedInterfaceOrientations_iPad = "UIInterfaceOrientationPortrait UIInterfaceOrientationPortraitUpsideDown UIInterfaceOrientationLandscapeLeft UIInterfaceOrientationLandscapeRight";
				INFOPLIST_KEY_UISupportedInterfaceOrientations_iPhone = "UIInterfaceOrientationPortrait UIInterfaceOrientationLandscapeLeft UIInterfaceOrientationLandscapeRight";
				LD_RUNPATH_SEARCH_PATHS = (
					"$(inherited)",
					"@executable_path/Frameworks",
				);
				MARKETING_VERSION = 1.0;
				PRODUCT_BUNDLE_IDENTIFIER = JanHummel.Luegen;
				PRODUCT_NAME = "$(TARGET_NAME)";
				SWIFT_EMIT_LOC_STRINGS = YES;
				SWIFT_VERSION = 5.0;
				TARGETED_DEVICE_FAMILY = "1,2";
			};
			name = Release;
		};
		CFEFC33327CB70DE0097F7CE /* Debug */ = {
			isa = XCBuildConfiguration;
			buildSettings = {
				ALWAYS_EMBED_SWIFT_STANDARD_LIBRARIES = YES;
				BUNDLE_LOADER = "$(TEST_HOST)";
				CODE_SIGN_STYLE = Automatic;
				CURRENT_PROJECT_VERSION = 1;
				DEVELOPMENT_TEAM = B4HR8339XS;
				GENERATE_INFOPLIST_FILE = YES;
				IPHONEOS_DEPLOYMENT_TARGET = 15.2;
				MARKETING_VERSION = 1.0;
				PRODUCT_BUNDLE_IDENTIFIER = JanHummel.LuegenTests;
				PRODUCT_NAME = "$(TARGET_NAME)";
				SWIFT_EMIT_LOC_STRINGS = NO;
				SWIFT_VERSION = 5.0;
				TARGETED_DEVICE_FAMILY = "1,2";
				TEST_HOST = "$(BUILT_PRODUCTS_DIR)/Luegen.app/Luegen";
			};
			name = Debug;
		};
		CFEFC33427CB70DE0097F7CE /* Release */ = {
			isa = XCBuildConfiguration;
			buildSettings = {
				ALWAYS_EMBED_SWIFT_STANDARD_LIBRARIES = YES;
				BUNDLE_LOADER = "$(TEST_HOST)";
				CODE_SIGN_STYLE = Automatic;
				CURRENT_PROJECT_VERSION = 1;
				DEVELOPMENT_TEAM = B4HR8339XS;
				GENERATE_INFOPLIST_FILE = YES;
				IPHONEOS_DEPLOYMENT_TARGET = 15.2;
				MARKETING_VERSION = 1.0;
				PRODUCT_BUNDLE_IDENTIFIER = JanHummel.LuegenTests;
				PRODUCT_NAME = "$(TARGET_NAME)";
				SWIFT_EMIT_LOC_STRINGS = NO;
				SWIFT_VERSION = 5.0;
				TARGETED_DEVICE_FAMILY = "1,2";
				TEST_HOST = "$(BUILT_PRODUCTS_DIR)/Luegen.app/Luegen";
			};
			name = Release;
		};
		CFEFC33627CB70DE0097F7CE /* Debug */ = {
			isa = XCBuildConfiguration;
			buildSettings = {
				ALWAYS_EMBED_SWIFT_STANDARD_LIBRARIES = YES;
				CODE_SIGN_STYLE = Automatic;
				CURRENT_PROJECT_VERSION = 1;
				DEVELOPMENT_TEAM = B4HR8339XS;
				GENERATE_INFOPLIST_FILE = YES;
				MARKETING_VERSION = 1.0;
				PRODUCT_BUNDLE_IDENTIFIER = JanHummel.LuegenUITests;
				PRODUCT_NAME = "$(TARGET_NAME)";
				SWIFT_EMIT_LOC_STRINGS = NO;
				SWIFT_VERSION = 5.0;
				TARGETED_DEVICE_FAMILY = "1,2";
				TEST_TARGET_NAME = Luegen;
			};
			name = Debug;
		};
		CFEFC33727CB70DE0097F7CE /* Release */ = {
			isa = XCBuildConfiguration;
			buildSettings = {
				ALWAYS_EMBED_SWIFT_STANDARD_LIBRARIES = YES;
				CODE_SIGN_STYLE = Automatic;
				CURRENT_PROJECT_VERSION = 1;
				DEVELOPMENT_TEAM = B4HR8339XS;
				GENERATE_INFOPLIST_FILE = YES;
				MARKETING_VERSION = 1.0;
				PRODUCT_BUNDLE_IDENTIFIER = JanHummel.LuegenUITests;
				PRODUCT_NAME = "$(TARGET_NAME)";
				SWIFT_EMIT_LOC_STRINGS = NO;
				SWIFT_VERSION = 5.0;
				TARGETED_DEVICE_FAMILY = "1,2";
				TEST_TARGET_NAME = Luegen;
			};
			name = Release;
		};
/* End XCBuildConfiguration section */

/* Begin XCConfigurationList section */
		CFEFC30627CB70DC0097F7CE /* Build configuration list for PBXProject "Luegen" */ = {
			isa = XCConfigurationList;
			buildConfigurations = (
				CFEFC32D27CB70DE0097F7CE /* Debug */,
				CFEFC32E27CB70DE0097F7CE /* Release */,
			);
			defaultConfigurationIsVisible = 0;
			defaultConfigurationName = Release;
		};
		CFEFC32F27CB70DE0097F7CE /* Build configuration list for PBXNativeTarget "Luegen" */ = {
			isa = XCConfigurationList;
			buildConfigurations = (
				CFEFC33027CB70DE0097F7CE /* Debug */,
				CFEFC33127CB70DE0097F7CE /* Release */,
			);
			defaultConfigurationIsVisible = 0;
			defaultConfigurationName = Release;
		};
		CFEFC33227CB70DE0097F7CE /* Build configuration list for PBXNativeTarget "LuegenTests" */ = {
			isa = XCConfigurationList;
			buildConfigurations = (
				CFEFC33327CB70DE0097F7CE /* Debug */,
				CFEFC33427CB70DE0097F7CE /* Release */,
			);
			defaultConfigurationIsVisible = 0;
			defaultConfigurationName = Release;
		};
		CFEFC33527CB70DE0097F7CE /* Build configuration list for PBXNativeTarget "LuegenUITests" */ = {
			isa = XCConfigurationList;
			buildConfigurations = (
				CFEFC33627CB70DE0097F7CE /* Debug */,
				CFEFC33727CB70DE0097F7CE /* Release */,
			);
			defaultConfigurationIsVisible = 0;
			defaultConfigurationName = Release;
		};
/* End XCConfigurationList section */
	};
	rootObject = CFEFC30327CB70DC0097F7CE /* Project object */;
}
